
Microsoft Visual Studio Solution File, Format Version 12.00
# Visual Studio Version 17
VisualStudioVersion = 17.7.34024.191
MinimumVisualStudioVersion = 10.0.40219.1
Project("{FAE04EC0-301F-11D3-BF4B-00C04F79EFBC}") = "RabbitMqExcelCreate", "RabbitMqExcelCreate\RabbitMqExcelCreate.csproj", "{DECCC9CE-72AD-4A44-9A42-82C163E0C361}"
EndProject
Project("{FAE04EC0-301F-11D3-BF4B-00C04F79EFBC}") = "Shared", "Shared\Shared.csproj", "{D9A0DF3F-9A77-4E82-BAE2-F08F666DB610}"
EndProject
Project("{FAE04EC0-301F-11D3-BF4B-00C04F79EFBC}") = "FileCreateWorkerService", "FileCreateWorkerService\FileCreateWorkerService.csproj", "{EA59270F-A1E6-40C3-964D-EA0B33DA953B}"
EndProject
Global
	GlobalSection(SolutionConfigurationPlatforms) = preSolution
		Debug|Any CPU = Debug|Any CPU
		Release|Any CPU = Release|Any CPU
	EndGlobalSection
	GlobalSection(ProjectConfigurationPlatforms) = postSolution
		{DECCC9CE-72AD-4A44-9A42-82C163E0C361}.Debug|Any CPU.ActiveCfg = Debug|Any CPU
		{DECCC9CE-72AD-4A44-9A42-82C163E0C361}.Debug|Any CPU.Build.0 = Debug|Any CPU
		{DECCC9CE-72AD-4A44-9A42-82C163E0C361}.Release|Any CPU.ActiveCfg = Release|Any CPU
		{DECCC9CE-72AD-4A44-9A42-82C163E0C361}.Release|Any CPU.Build.0 = Release|Any CPU
		{D9A0DF3F-9A77-4E82-BAE2-F08F666DB610}.Debug|Any CPU.ActiveCfg = Debug|Any CPU
		{D9A0DF3F-9A77-4E82-BAE2-F08F666DB610}.Debug|Any CPU.Build.0 = Debug|Any CPU
		{D9A0DF3F-9A77-4E82-BAE2-F08F666DB610}.Release|Any CPU.ActiveCfg = Release|Any CPU
		{D9A0DF3F-9A77-4E82-BAE2-F08F666DB610}.Release|Any CPU.Build.0 = Release|Any CPU
		{EA59270F-A1E6-40C3-964D-EA0B33DA953B}.Debug|Any CPU.ActiveCfg = Debug|Any CPU
		{EA59270F-A1E6-40C3-964D-EA0B33DA953B}.Debug|Any CPU.Build.0 = Debug|Any CPU
		{EA59270F-A1E6-40C3-964D-EA0B33DA953B}.Release|Any CPU.ActiveCfg = Release|Any CPU
		{EA59270F-A1E6-40C3-964D-EA0B33DA953B}.Release|Any CPU.Build.0 = Release|Any CPU
	EndGlobalSection
	GlobalSection(SolutionProperties) = preSolution
		HideSolutionNode = FALSE
	EndGlobalSection
	GlobalSection(ExtensibilityGlobals) = postSolution
		SolutionGuid = {CA2D30F0-F2A4-4BFE-823A-C876F2F1E5C9}
	EndGlobalSection
EndGlobal
